// !$*UTF8*$!
{
	archiveVersion = 1;
	classes = {
	};
	objectVersion = 50;
	objects = {

/* Begin PBXBuildFile section */
		F11FEDF32194B54C005115EC /* TableViewCell.swift in Sources */ = {isa = PBXBuildFile; fileRef = F11FEDF22194B54C005115EC /* TableViewCell.swift */; };
		F1E091002193983F00B4236E /* AppDelegate.swift in Sources */ = {isa = PBXBuildFile; fileRef = F1E090FF2193983F00B4236E /* AppDelegate.swift */; };
		F1E091022193983F00B4236E /* ViewController.swift in Sources */ = {isa = PBXBuildFile; fileRef = F1E091012193983F00B4236E /* ViewController.swift */; };
		F1E091052193983F00B4236E /* Main.storyboard in Resources */ = {isa = PBXBuildFile; fileRef = F1E091032193983F00B4236E /* Main.storyboard */; };
		F1E091072193984000B4236E /* Assets.xcassets in Resources */ = {isa = PBXBuildFile; fileRef = F1E091062193984000B4236E /* Assets.xcassets */; };
		F1E0910A2193984000B4236E /* LaunchScreen.storyboard in Resources */ = {isa = PBXBuildFile; fileRef = F1E091082193984000B4236E /* LaunchScreen.storyboard */; };
		F1E0911221939F3F00B4236E /* Tree.swift in Sources */ = {isa = PBXBuildFile; fileRef = F1E0911121939F3F00B4236E /* Tree.swift */; };
		F1E091142193A9BC00B4236E /* DetailViewController.swift in Sources */ = {isa = PBXBuildFile; fileRef = F1E091132193A9BC00B4236E /* DetailViewController.swift */; };
/* End PBXBuildFile section */

/* Begin PBXFileReference section */
		F11FEDF22194B54C005115EC /* TableViewCell.swift */ = {isa = PBXFileReference; lastKnownFileType = sourcecode.swift; path = TableViewCell.swift; sourceTree = "<group>"; };
		F1E090FC2193983F00B4236E /* a11y-demo.app */ = {isa = PBXFileReference; explicitFileType = wrapper.application; includeInIndex = 0; path = "a11y-demo.app"; sourceTree = BUILT_PRODUCTS_DIR; };
		F1E090FF2193983F00B4236E /* AppDelegate.swift */ = {isa = PBXFileReference; lastKnownFileType = sourcecode.swift; path = AppDelegate.swift; sourceTree = "<group>"; };
		F1E091012193983F00B4236E /* ViewController.swift */ = {isa = PBXFileReference; lastKnownFileType = sourcecode.swift; path = ViewController.swift; sourceTree = "<group>"; };
		F1E091042193983F00B4236E /* Base */ = {isa = PBXFileReference; lastKnownFileType = file.storyboard; name = Base; path = Base.lproj/Main.storyboard; sourceTree = "<group>"; };
		F1E091062193984000B4236E /* Assets.xcassets */ = {isa = PBXFileReference; lastKnownFileType = folder.assetcatalog; path = Assets.xcassets; sourceTree = "<group>"; };
		F1E091092193984000B4236E /* Base */ = {isa = PBXFileReference; lastKnownFileType = file.storyboard; name = Base; path = Base.lproj/LaunchScreen.storyboard; sourceTree = "<group>"; };
		F1E0910B2193984000B4236E /* Info.plist */ = {isa = PBXFileReference; lastKnownFileType = text.plist.xml; path = Info.plist; sourceTree = "<group>"; };
		F1E0911121939F3F00B4236E /* Tree.swift */ = {isa = PBXFileReference; lastKnownFileType = sourcecode.swift; path = Tree.swift; sourceTree = "<group>"; };
		F1E091132193A9BC00B4236E /* DetailViewController.swift */ = {isa = PBXFileReference; lastKnownFileType = sourcecode.swift; path = DetailViewController.swift; sourceTree = "<group>"; };
/* End PBXFileReference section */

/* Begin PBXFrameworksBuildPhase section */
		F1E090F92193983F00B4236E /* Frameworks */ = {
			isa = PBXFrameworksBuildPhase;
			buildActionMask = 2147483647;
			files = (
			);
			runOnlyForDeploymentPostprocessing = 0;
		};
/* End PBXFrameworksBuildPhase section */

/* Begin PBXGroup section */
		F1E090F32193983F00B4236E = {
			isa = PBXGroup;
			children = (
				F1E090FE2193983F00B4236E /* a11y-demo */,
				F1E090FD2193983F00B4236E /* Products */,
			);
			sourceTree = "<group>";
		};
		F1E090FD2193983F00B4236E /* Products */ = {
			isa = PBXGroup;
			children = (
				F1E090FC2193983F00B4236E /* a11y-demo.app */,
			);
			name = Products;
			sourceTree = "<group>";
		};
		F1E090FE2193983F00B4236E /* a11y-demo */ = {
			isa = PBXGroup;
			children = (
				F1E090FF2193983F00B4236E /* AppDelegate.swift */,
				F1E091012193983F00B4236E /* ViewController.swift */,
				F11FEDF22194B54C005115EC /* TableViewCell.swift */,
				F1E091032193983F00B4236E /* Main.storyboard */,
				F1E091132193A9BC00B4236E /* DetailViewController.swift */,
				F1E0911121939F3F00B4236E /* Tree.swift */,
				F1E091062193984000B4236E /* Assets.xcassets */,
				F1E091082193984000B4236E /* LaunchScreen.storyboard */,
				F1E0910B2193984000B4236E /* Info.plist */,
			);
			path = "a11y-demo";
			sourceTree = "<group>";
		};
/* End PBXGroup section */

/* Begin PBXNativeTarget section */
		F1E090FB2193983F00B4236E /* a11y-demo */ = {
			isa = PBXNativeTarget;
			buildConfigurationList = F1E0910E2193984000B4236E /* Build configuration list for PBXNativeTarget "a11y-demo" */;
			buildPhases = (
				F1E090F82193983F00B4236E /* Sources */,
				F1E090F92193983F00B4236E /* Frameworks */,
				F1E090FA2193983F00B4236E /* Resources */,
			);
			buildRules = (
			);
			dependencies = (
			);
			name = "a11y-demo";
			productName = "a11y-demo";
			productReference = F1E090FC2193983F00B4236E /* a11y-demo.app */;
			productType = "com.apple.product-type.application";
		};
/* End PBXNativeTarget section */

/* Begin PBXProject section */
		F1E090F42193983F00B4236E /* Project object */ = {
			isa = PBXProject;
			attributes = {
				LastSwiftUpdateCheck = 1010;
				LastUpgradeCheck = 1010;
				ORGANIZATIONNAME = "Kevin Zolkiewicz";
				TargetAttributes = {
					F1E090FB2193983F00B4236E = {
						CreatedOnToolsVersion = 10.1;
					};
				};
			};
			buildConfigurationList = F1E090F72193983F00B4236E /* Build configuration list for PBXProject "a11y-demo" */;
			compatibilityVersion = "Xcode 9.3";
			developmentRegion = en;
			hasScannedForEncodings = 0;
			knownRegions = (
				en,
				Base,
			);
			mainGroup = F1E090F32193983F00B4236E;
			productRefGroup = F1E090FD2193983F00B4236E /* Products */;
			projectDirPath = "";
			projectRoot = "";
			targets = (
				F1E090FB2193983F00B4236E /* a11y-demo */,
			);
		};
/* End PBXProject section */

/* Begin PBXResourcesBuildPhase section */
		F1E090FA2193983F00B4236E /* Resources */ = {
			isa = PBXResourcesBuildPhase;
			buildActionMask = 2147483647;
			files = (
				F1E0910A2193984000B4236E /* LaunchScreen.storyboard in Resources */,
				F1E091072193984000B4236E /* Assets.xcassets in Resources */,
				F1E091052193983F00B4236E /* Main.storyboard in Resources */,
			);
			runOnlyForDeploymentPostprocessing = 0;
		};
/* End PBXResourcesBuildPhase section */

/* Begin PBXSourcesBuildPhase section */
		F1E090F82193983F00B4236E /* Sources */ = {
			isa = PBXSourcesBuildPhase;
			buildActionMask = 2147483647;
			files = (
				F11FEDF32194B54C005115EC /* TableViewCell.swift in Sources */,
				F1E0911221939F3F00B4236E /* Tree.swift in Sources */,
				F1E091022193983F00B4236E /* ViewController.swift in Sources */,
				F1E091002193983F00B4236E /* AppDelegate.swift in Sources */,
				F1E091142193A9BC00B4236E /* DetailViewController.swift in Sources */,
			);
			runOnlyForDeploymentPostprocessing = 0;
		};
/* End PBXSourcesBuildPhase section */

/* Begin PBXVariantGroup section */
		F1E091032193983F00B4236E /* Main.storyboard */ = {
			isa = PBXVariantGroup;
			children = (
				F1E091042193983F00B4236E /* Base */,
			);
			name = Main.storyboard;
			sourceTree = "<group>";
		};
		F1E091082193984000B4236E /* LaunchScreen.storyboard */ = {
			isa = PBXVariantGroup;
			children = (
				F1E091092193984000B4236E /* Base */,
			);
			name = LaunchScreen.storyboard;
			sourceTree = "<group>";
		};
/* End PBXVariantGroup section */

/* Begin XCBuildConfiguration section */
		F1E0910C2193984000B4236E /* Debug */ = {
			isa = XCBuildConfiguration;
			buildSettings = {
				ALWAYS_SEARCH_USER_PATHS = NO;
				CLANG_ANALYZER_NONNULL = YES;
				CLANG_ANALYZER_NUMBER_OBJECT_CONVERSION = YES_AGGRESSIVE;
				CLANG_CXX_LANGUAGE_STANDARD = "gnu++14";
				CLANG_CXX_LIBRARY = "libc++";
				CLANG_ENABLE_MODULES = YES;
				CLANG_ENABLE_OBJC_ARC = YES;
				CLANG_ENABLE_OBJC_WEAK = YES;
				CLANG_WARN_BLOCK_CAPTURE_AUTORELEASING = YES;
				CLANG_WARN_BOOL_CONVERSION = YES;
				CLANG_WARN_COMMA = YES;
				CLANG_WARN_CONSTANT_CONVERSION = YES;
				CLANG_WARN_DEPRECATED_OBJC_IMPLEMENTATIONS = YES;
				CLANG_WARN_DIRECT_OBJC_ISA_USAGE = YES_ERROR;
				CLANG_WARN_DOCUMENTATION_COMMENTS = YES;
				CLANG_WARN_EMPTY_BODY = YES;
				CLANG_WARN_ENUM_CONVERSION = YES;
				CLANG_WARN_INFINITE_RECURSION = YES;
				CLANG_WARN_INT_CONVERSION = YES;
				CLANG_WARN_NON_LITERAL_NULL_CONVERSION = YES;
				CLANG_WARN_OBJC_IMPLICIT_RETAIN_SELF = YES;
				CLANG_WARN_OBJC_LITERAL_CONVERSION = YES;
				CLANG_WARN_OBJC_ROOT_CLASS = YES_ERROR;
				CLANG_WARN_RANGE_LOOP_ANALYSIS = YES;
				CLANG_WARN_STRICT_PROTOTYPES = YES;
				CLANG_WARN_SUSPICIOUS_MOVE = YES;
				CLANG_WARN_UNGUARDED_AVAILABILITY = YES_AGGRESSIVE;
				CLANG_WARN_UNREACHABLE_CODE = YES;
				CLANG_WARN__DUPLICATE_METHOD_MATCH = YES;
				CODE_SIGN_IDENTITY = "iPhone Developer";
				COPY_PHASE_STRIP = NO;
				DEBUG_INFORMATION_FORMAT = dwarf;
				ENABLE_STRICT_OBJC_MSGSEND = YES;
				ENABLE_TESTABILITY = YES;
				GCC_C_LANGUAGE_STANDARD = gnu11;
				GCC_DYNAMIC_NO_PIC = NO;
				GCC_NO_COMMON_BLOCKS = YES;
				GCC_OPTIMIZATION_LEVEL = 0;
				GCC_PREPROCESSOR_DEFINITIONS = (
					"DEBUG=1",
					"$(inherited)",
				);
				GCC_WARN_64_TO_32_BIT_CONVERSION = YES;
				GCC_WARN_ABOUT_RETURN_TYPE = YES_ERROR;
				GCC_WARN_UNDECLARED_SELECTOR = YES;
				GCC_WARN_UNINITIALIZED_AUTOS = YES_AGGRESSIVE;
				GCC_WARN_UNUSED_FUNCTION = YES;
				GCC_WARN_UNUSED_VARIABLE = YES;
				IPHONEOS_DEPLOYMENT_TARGET = 12.1;
				MTL_ENABLE_DEBUG_INFO = INCLUDE_SOURCE;
				MTL_FAST_MATH = YES;
				ONLY_ACTIVE_ARCH = YES;
				SDKROOT = iphoneos;
				SWIFT_ACTIVE_COMPILATION_CONDITIONS = DEBUG;
				SWIFT_OPTIMIZATION_LEVEL = "-Onone";
			};
			name = Debug;
		};
		F1E0910D2193984000B4236E /* Release */ = {
			isa = XCBuildConfiguration;
			buildSettings = {
				ALWAYS_SEARCH_USER_PATHS = NO;
				CLANG_ANALYZER_NONNULL = YES;
				CLANG_ANALYZER_NUMBER_OBJECT_CONVERSION = YES_AGGRESSIVE;
				CLANG_CXX_LANGUAGE_STANDARD = "gnu++14";
				CLANG_CXX_LIBRARY = "libc++";
				CLANG_ENABLE_MODULES = YES;
				CLANG_ENABLE_OBJC_ARC = YES;
				CLANG_ENABLE_OBJC_WEAK = YES;
				CLANG_WARN_BLOCK_CAPTURE_AUTORELEASING = YES;
				CLANG_WARN_BOOL_CONVERSION = YES;
				CLANG_WARN_COMMA = YES;
				CLANG_WARN_CONSTANT_CONVERSION = YES;
				CLANG_WARN_DEPRECATED_OBJC_IMPLEMENTATIONS = YES;
				CLANG_WARN_DIRECT_OBJC_ISA_USAGE = YES_ERROR;
				CLANG_WARN_DOCUMENTATION_COMMENTS = YES;
				CLANG_WARN_EMPTY_BODY = YES;
				CLANG_WARN_ENUM_CONVERSION = YES;
				CLANG_WARN_INFINITE_RECURSION = YES;
				CLANG_WARN_INT_CONVERSION = YES;
				CLANG_WARN_NON_LITERAL_NULL_CONVERSION = YES;
				CLANG_WARN_OBJC_IMPLICIT_RETAIN_SELF = YES;
				CLANG_WARN_OBJC_LITERAL_CONVERSION = YES;
				CLANG_WARN_OBJC_ROOT_CLASS = YES_ERROR;
				CLANG_WARN_RANGE_LOOP_ANALYSIS = YES;
				CLANG_WARN_STRICT_PROTOTYPES = YES;
				CLANG_WARN_SUSPICIOUS_MOVE = YES;
				CLANG_WARN_UNGUARDED_AVAILABILITY = YES_AGGRESSIVE;
				CLANG_WARN_UNREACHABLE_CODE = YES;
				CLANG_WARN__DUPLICATE_METHOD_MATCH = YES;
				CODE_SIGN_IDENTITY = "iPhone Developer";
				COPY_PHASE_STRIP = NO;
				DEBUG_INFORMATION_FORMAT = "dwarf-with-dsym";
				ENABLE_NS_ASSERTIONS = NO;
				ENABLE_STRICT_OBJC_MSGSEND = YES;
				GCC_C_LANGUAGE_STANDARD = gnu11;
				GCC_NO_COMMON_BLOCKS = YES;
				GCC_WARN_64_TO_32_BIT_CONVERSION = YES;
				GCC_WARN_ABOUT_RETURN_TYPE = YES_ERROR;
				GCC_WARN_UNDECLARED_SELECTOR = YES;
				GCC_WARN_UNINITIALIZED_AUTOS = YES_AGGRESSIVE;
				GCC_WARN_UNUSED_FUNCTION = YES;
				GCC_WARN_UNUSED_VARIABLE = YES;
				IPHONEOS_DEPLOYMENT_TARGET = 12.1;
				MTL_ENABLE_DEBUG_INFO = NO;
				MTL_FAST_MATH = YES;
				SDKROOT = iphoneos;
				SWIFT_COMPILATION_MODE = wholemodule;
				SWIFT_OPTIMIZATION_LEVEL = "-O";
				VALIDATE_PRODUCT = YES;
			};
			name = Release;
		};
		F1E0910F2193984000B4236E /* Debug */ = {
			isa = XCBuildConfiguration;
			buildSettings = {
				ASSETCATALOG_COMPILER_APPICON_NAME = AppIcon;
				CODE_SIGN_STYLE = Automatic;
				DEVELOPMENT_TEAM = "";
				INFOPLIST_FILE = "a11y-demo/Info.plist";
				LD_RUNPATH_SEARCH_PATHS = (
					"$(inherited)",
					"@executable_path/Frameworks",
				);
				PRODUCT_BUNDLE_IDENTIFIER = "com.zolk.a11y-demo";
				PRODUCT_NAME = "$(TARGET_NAME)";
				SWIFT_VERSION = 4.2;
				TARGETED_DEVICE_FAMILY = "1,2";
			};
			name = Debug;
		};
		F1E091102193984000B4236E /* Release */ = {
			isa = XCBuildConfiguration;
			buildSettings = {
				ASSETCATALOG_COMPILER_APPICON_NAME = AppIcon;
				CODE_SIGN_STYLE = Automatic;
				DEVELOPMENT_TEAM = "";
				INFOPLIST_FILE = "a11y-demo/Info.plist";
				LD_RUNPATH_SEARCH_PATHS = (
					"$(inherited)",
					"@executable_path/Frameworks",
				);
				PRODUCT_BUNDLE_IDENTIFIER = "com.zolk.a11y-demo";
				PRODUCT_NAME = "$(TARGET_NAME)";
				SWIFT_VERSION = 4.2;
				TARGETED_DEVICE_FAMILY = "1,2";
			};
			name = Release;
		};
/* End XCBuildConfiguration section */

/* Begin XCConfigurationList section */
		F1E090F72193983F00B4236E /* Build configuration list for PBXProject "a11y-demo" */ = {
			isa = XCConfigurationList;
			buildConfigurations = (
				F1E0910C2193984000B4236E /* Debug */,
				F1E0910D2193984000B4236E /* Release */,
			);
			defaultConfigurationIsVisible = 0;
			defaultConfigurationName = Release;
		};
		F1E0910E2193984000B4236E /* Build configuration list for PBXNativeTarget "a11y-demo" */ = {
			isa = XCConfigurationList;
			buildConfigurations = (
				F1E0910F2193984000B4236E /* Debug */,
				F1E091102193984000B4236E /* Release */,
			);
			defaultConfigurationIsVisible = 0;
			defaultConfigurationName = Release;
		};
/* End XCConfigurationList section */
	};
	rootObject = F1E090F42193983F00B4236E /* Project object */;
}
